
Microsoft Visual Studio Solution File, Format Version 12.00
# Visual Studio Version 17
VisualStudioVersion = 17.7.34024.191
MinimumVisualStudioVersion = 10.0.40219.1
Project("{FAE04EC0-301F-11D3-BF4B-00C04F79EFBC}") = "Polyclinic Schedule", "Polyclinic Schedule\Polyclinic Schedule.csproj", "{16DFBD70-25A4-4624-99AF-30EA449316FF}"
EndProject
Global
	GlobalSection(SolutionConfigurationPlatforms) = preSolution
		Debug|Any CPU = Debug|Any CPU
		Release|Any CPU = Release|Any CPU
	EndGlobalSection
	GlobalSection(ProjectConfigurationPlatforms) = postSolution
		{16DFBD70-25A4-4624-99AF-30EA449316FF}.Debug|Any CPU.ActiveCfg = Debug|Any CPU
		{16DFBD70-25A4-4624-99AF-30EA449316FF}.Debug|Any CPU.Build.0 = Debug|Any CPU
		{16DFBD70-25A4-4624-99AF-30EA449316FF}.Release|Any CPU.ActiveCfg = Release|Any CPU
		{16DFBD70-25A4-4624-99AF-30EA449316FF}.Release|Any CPU.Build.0 = Release|Any CPU
	EndGlobalSection
	GlobalSection(SolutionProperties) = preSolution
		HideSolutionNode = FALSE
	EndGlobalSection
	GlobalSection(ExtensibilityGlobals) = postSolution
		SolutionGuid = {10F289F6-4403-4037-831F-39ECBE7B5D01}
	EndGlobalSection
EndGlobal
